// !$*UTF8*$!
{
	archiveVersion = 1;
	classes = {
	};
	objectVersion = 51;
	objects = {

/* Begin PBXBuildFile section */
		840548732454D78D0088F0C5 /* CardView.swift in Sources */ = {isa = PBXBuildFile; fileRef = 840548722454D78D0088F0C5 /* CardView.swift */; };
		840548752454D7D60088F0C5 /* PracticeRoutine.swift in Sources */ = {isa = PBXBuildFile; fileRef = 840548742454D7D60088F0C5 /* PracticeRoutine.swift */; };
		84057447244B813400920CEB /* PlayRoutineView.swift in Sources */ = {isa = PBXBuildFile; fileRef = 84057446244B813400920CEB /* PlayRoutineView.swift */; };
		84057449244BD4FE00920CEB /* CountdownView.swift in Sources */ = {isa = PBXBuildFile; fileRef = 84057448244BD4FE00920CEB /* CountdownView.swift */; };
		840AB2DB245618620087E8EB /* TabBar.swift in Sources */ = {isa = PBXBuildFile; fileRef = 840AB2DA245618620087E8EB /* TabBar.swift */; };
		840C69212450C4A200981D98 /* MultilineTextView.swift in Sources */ = {isa = PBXBuildFile; fileRef = 840C69202450C4A200981D98 /* MultilineTextView.swift */; };
		8412E97F2441FE1800637FFC /* CustomTextField.swift in Sources */ = {isa = PBXBuildFile; fileRef = 8412E97E2441FE1800637FFC /* CustomTextField.swift */; };
		8412E9812442042100637FFC /* CustomSecureField.swift in Sources */ = {isa = PBXBuildFile; fileRef = 8412E9802442042100637FFC /* CustomSecureField.swift */; };
		8422F97E24400902005501E1 /* AppDelegate.swift in Sources */ = {isa = PBXBuildFile; fileRef = 8422F97D24400902005501E1 /* AppDelegate.swift */; };
		8422F98024400902005501E1 /* SceneDelegate.swift in Sources */ = {isa = PBXBuildFile; fileRef = 8422F97F24400902005501E1 /* SceneDelegate.swift */; };
		8422F98324400902005501E1 /* PracticePerfectMobile1.xcdatamodeld in Sources */ = {isa = PBXBuildFile; fileRef = 8422F98124400902005501E1 /* PracticePerfectMobile1.xcdatamodeld */; };
		8422F98524400902005501E1 /* ContentView.swift in Sources */ = {isa = PBXBuildFile; fileRef = 8422F98424400902005501E1 /* ContentView.swift */; };
		8422F98724400903005501E1 /* Assets.xcassets in Resources */ = {isa = PBXBuildFile; fileRef = 8422F98624400903005501E1 /* Assets.xcassets */; };
		8422F98A24400903005501E1 /* Preview Assets.xcassets in Resources */ = {isa = PBXBuildFile; fileRef = 8422F98924400903005501E1 /* Preview Assets.xcassets */; };
		8422F98D24400903005501E1 /* LaunchScreen.storyboard in Resources */ = {isa = PBXBuildFile; fileRef = 8422F98B24400903005501E1 /* LaunchScreen.storyboard */; };
		8422F99824400903005501E1 /* PracticePerfectMobile1Tests.swift in Sources */ = {isa = PBXBuildFile; fileRef = 8422F99724400903005501E1 /* PracticePerfectMobile1Tests.swift */; };
		8422F9A324400903005501E1 /* PracticePerfectMobile1UITests.swift in Sources */ = {isa = PBXBuildFile; fileRef = 8422F9A224400903005501E1 /* PracticePerfectMobile1UITests.swift */; };
		8422F9B124400948005501E1 /* MyRoutinesView.swift in Sources */ = {isa = PBXBuildFile; fileRef = 8422F9B024400948005501E1 /* MyRoutinesView.swift */; };
		8422F9B32440096C005501E1 /* SettingsView.swift in Sources */ = {isa = PBXBuildFile; fileRef = 8422F9B22440096C005501E1 /* SettingsView.swift */; };
		8422F9B524400988005501E1 /* HomeView.swift in Sources */ = {isa = PBXBuildFile; fileRef = 8422F9B424400988005501E1 /* HomeView.swift */; };
		8422F9B724400A38005501E1 /* HostingController.swift in Sources */ = {isa = PBXBuildFile; fileRef = 8422F9B624400A38005501E1 /* HostingController.swift */; };
		842850C724578764001C3768 /* CreateRoutineView.swift in Sources */ = {isa = PBXBuildFile; fileRef = 842850C624578764001C3768 /* CreateRoutineView.swift */; };
		842850C92457A48B001C3768 /* AddItemSheet.swift in Sources */ = {isa = PBXBuildFile; fileRef = 842850C82457A48B001C3768 /* AddItemSheet.swift */; };
		842850CC2457ABEA001C3768 /* NewPracticeItem.swift in Sources */ = {isa = PBXBuildFile; fileRef = 842850CB2457ABEA001C3768 /* NewPracticeItem.swift */; };
		842C2C7D2453B31900053273 /* MetronomeIcon.png in Resources */ = {isa = PBXBuildFile; fileRef = 842C2C7C2453B31900053273 /* MetronomeIcon.png */; };
		842C2C7F2453B3CE00053273 /* MetronomeIcon2.png in Resources */ = {isa = PBXBuildFile; fileRef = 842C2C7E2453B3CE00053273 /* MetronomeIcon2.png */; };
		842EA42E2448B4A40004E767 /* PracticeItem.swift in Sources */ = {isa = PBXBuildFile; fileRef = 842EA42D2448B4A40004E767 /* PracticeItem.swift */; };
		8455A80D24425AB80049D5A5 /* AddItemModal.swift in Sources */ = {isa = PBXBuildFile; fileRef = 8455A80C24425AB80049D5A5 /* AddItemModal.swift */; };
		84A9435324524B6E0016B49D /* MetronomeSheet.swift in Sources */ = {isa = PBXBuildFile; fileRef = 84A9435224524B6E0016B49D /* MetronomeSheet.swift */; };
		84A94355245255830016B49D /* NotificationUtil.swift in Sources */ = {isa = PBXBuildFile; fileRef = 84A94354245255830016B49D /* NotificationUtil.swift */; };
		84A9435724525D9C0016B49D /* SoundUtil.swift in Sources */ = {isa = PBXBuildFile; fileRef = 84A9435624525D9C0016B49D /* SoundUtil.swift */; };
		84A9435B245260280016B49D /* completed1.wav in Resources */ = {isa = PBXBuildFile; fileRef = 84A9435A245260280016B49D /* completed1.wav */; };
		84D8FF592458F915004F8D38 /* FirebaseConstants.swift in Sources */ = {isa = PBXBuildFile; fileRef = 84D8FF582458F915004F8D38 /* FirebaseConstants.swift */; };
		84EEC35F2440B108005616B4 /* GoogleService-Info.plist in Resources */ = {isa = PBXBuildFile; fileRef = 84EEC35E2440B108005616B4 /* GoogleService-Info.plist */; };
		84EEC3612440B160005616B4 /* SessionStore.swift in Sources */ = {isa = PBXBuildFile; fileRef = 84EEC3602440B160005616B4 /* SessionStore.swift */; };
		84EEC3632440B6A9005616B4 /* AuthView.swift in Sources */ = {isa = PBXBuildFile; fileRef = 84EEC3622440B6A9005616B4 /* AuthView.swift */; };
		84EEC3662440D194005616B4 /* SignInView.swift in Sources */ = {isa = PBXBuildFile; fileRef = 84EEC3652440D194005616B4 /* SignInView.swift */; };
		84EEC3682440D1D1005616B4 /* SignUpView.swift in Sources */ = {isa = PBXBuildFile; fileRef = 84EEC3672440D1D1005616B4 /* SignUpView.swift */; };
		84EEC36B2440DF80005616B4 /* QuickRoutineView.swift in Sources */ = {isa = PBXBuildFile; fileRef = 84EEC36A2440DF80005616B4 /* QuickRoutineView.swift */; };
		84EEC36E2440EB0B005616B4 /* MetronomeView.swift in Sources */ = {isa = PBXBuildFile; fileRef = 84EEC36D2440EB0B005616B4 /* MetronomeView.swift */; };
		84F2F1F2245A5F1200945831 /* FirebaseController.swift in Sources */ = {isa = PBXBuildFile; fileRef = 84F2F1F1245A5F1200945831 /* FirebaseController.swift */; };
		9AD3C627F21985D15FD0C61C /* Pods_PracticePerfectMobile1.framework in Frameworks */ = {isa = PBXBuildFile; fileRef = 4F0CBCB34C8E979495FA55CB /* Pods_PracticePerfectMobile1.framework */; };
		C4B78F25843051FE3D1522CC /* Pods_PracticePerfectMobile1Tests.framework in Frameworks */ = {isa = PBXBuildFile; fileRef = 854B842F5D2B4457B9CD56E6 /* Pods_PracticePerfectMobile1Tests.framework */; };
		D219C9F76CF00B37077B2D4C /* Pods_PracticePerfectMobile1_PracticePerfectMobile1UITests.framework in Frameworks */ = {isa = PBXBuildFile; fileRef = 91DB2605C5126494FA65BD03 /* Pods_PracticePerfectMobile1_PracticePerfectMobile1UITests.framework */; };
/* End PBXBuildFile section */

/* Begin PBXContainerItemProxy section */
		8422F99424400903005501E1 /* PBXContainerItemProxy */ = {
			isa = PBXContainerItemProxy;
			containerPortal = 8422F97224400902005501E1 /* Project object */;
			proxyType = 1;
			remoteGlobalIDString = 8422F97924400902005501E1;
			remoteInfo = PracticePerfectMobile1;
		};
		8422F99F24400903005501E1 /* PBXContainerItemProxy */ = {
			isa = PBXContainerItemProxy;
			containerPortal = 8422F97224400902005501E1 /* Project object */;
			proxyType = 1;
			remoteGlobalIDString = 8422F97924400902005501E1;
			remoteInfo = PracticePerfectMobile1;
		};
/* End PBXContainerItemProxy section */

/* Begin PBXFileReference section */
		0522F1A44F01331CA1BD7117 /* Pods-PracticePerfectMobile1.release.xcconfig */ = {isa = PBXFileReference; includeInIndex = 1; lastKnownFileType = text.xcconfig; name = "Pods-PracticePerfectMobile1.release.xcconfig"; path = "Target Support Files/Pods-PracticePerfectMobile1/Pods-PracticePerfectMobile1.release.xcconfig"; sourceTree = "<group>"; };
		4F0CBCB34C8E979495FA55CB /* Pods_PracticePerfectMobile1.framework */ = {isa = PBXFileReference; explicitFileType = wrapper.framework; includeInIndex = 0; path = Pods_PracticePerfectMobile1.framework; sourceTree = BUILT_PRODUCTS_DIR; };
		52F22C7F9B36640AFA97818D /* Pods-PracticePerfectMobile1-PracticePerfectMobile1UITests.debug.xcconfig */ = {isa = PBXFileReference; includeInIndex = 1; lastKnownFileType = text.xcconfig; name = "Pods-PracticePerfectMobile1-PracticePerfectMobile1UITests.debug.xcconfig"; path = "Target Support Files/Pods-PracticePerfectMobile1-PracticePerfectMobile1UITests/Pods-PracticePerfectMobile1-PracticePerfectMobile1UITests.debug.xcconfig"; sourceTree = "<group>"; };
		58CA047AF7E5BDF7D1BAE393 /* Pods-PracticePerfectMobile1Tests.debug.xcconfig */ = {isa = PBXFileReference; includeInIndex = 1; lastKnownFileType = text.xcconfig; name = "Pods-PracticePerfectMobile1Tests.debug.xcconfig"; path = "Target Support Files/Pods-PracticePerfectMobile1Tests/Pods-PracticePerfectMobile1Tests.debug.xcconfig"; sourceTree = "<group>"; };
		840548722454D78D0088F0C5 /* CardView.swift */ = {isa = PBXFileReference; lastKnownFileType = sourcecode.swift; path = CardView.swift; sourceTree = "<group>"; };
		840548742454D7D60088F0C5 /* PracticeRoutine.swift */ = {isa = PBXFileReference; lastKnownFileType = sourcecode.swift; path = PracticeRoutine.swift; sourceTree = "<group>"; };
		84057446244B813400920CEB /* PlayRoutineView.swift */ = {isa = PBXFileReference; lastKnownFileType = sourcecode.swift; path = PlayRoutineView.swift; sourceTree = "<group>"; };
		84057448244BD4FE00920CEB /* CountdownView.swift */ = {isa = PBXFileReference; lastKnownFileType = sourcecode.swift; path = CountdownView.swift; sourceTree = "<group>"; };
		840AB2DA245618620087E8EB /* TabBar.swift */ = {isa = PBXFileReference; lastKnownFileType = sourcecode.swift; path = TabBar.swift; sourceTree = "<group>"; };
		840C69202450C4A200981D98 /* MultilineTextView.swift */ = {isa = PBXFileReference; lastKnownFileType = sourcecode.swift; path = MultilineTextView.swift; sourceTree = "<group>"; };
		8412E97E2441FE1800637FFC /* CustomTextField.swift */ = {isa = PBXFileReference; lastKnownFileType = sourcecode.swift; path = CustomTextField.swift; sourceTree = "<group>"; };
		8412E9802442042100637FFC /* CustomSecureField.swift */ = {isa = PBXFileReference; lastKnownFileType = sourcecode.swift; path = CustomSecureField.swift; sourceTree = "<group>"; };
		8422F97A24400902005501E1 /* PracticePerfectMobile1.app */ = {isa = PBXFileReference; explicitFileType = wrapper.application; includeInIndex = 0; path = PracticePerfectMobile1.app; sourceTree = BUILT_PRODUCTS_DIR; };
		8422F97D24400902005501E1 /* AppDelegate.swift */ = {isa = PBXFileReference; lastKnownFileType = sourcecode.swift; path = AppDelegate.swift; sourceTree = "<group>"; };
		8422F97F24400902005501E1 /* SceneDelegate.swift */ = {isa = PBXFileReference; lastKnownFileType = sourcecode.swift; path = SceneDelegate.swift; sourceTree = "<group>"; };
		8422F98224400902005501E1 /* PracticePerfectMobile1.xcdatamodel */ = {isa = PBXFileReference; lastKnownFileType = wrapper.xcdatamodel; path = PracticePerfectMobile1.xcdatamodel; sourceTree = "<group>"; };
		8422F98424400902005501E1 /* ContentView.swift */ = {isa = PBXFileReference; lastKnownFileType = sourcecode.swift; path = ContentView.swift; sourceTree = "<group>"; };
		8422F98624400903005501E1 /* Assets.xcassets */ = {isa = PBXFileReference; lastKnownFileType = folder.assetcatalog; path = Assets.xcassets; sourceTree = "<group>"; };
		8422F98924400903005501E1 /* Preview Assets.xcassets */ = {isa = PBXFileReference; lastKnownFileType = folder.assetcatalog; path = "Preview Assets.xcassets"; sourceTree = "<group>"; };
		8422F98C24400903005501E1 /* Base */ = {isa = PBXFileReference; lastKnownFileType = file.storyboard; name = Base; path = Base.lproj/LaunchScreen.storyboard; sourceTree = "<group>"; };
		8422F98E24400903005501E1 /* Info.plist */ = {isa = PBXFileReference; lastKnownFileType = text.plist.xml; path = Info.plist; sourceTree = "<group>"; };
		8422F99324400903005501E1 /* PracticePerfectMobile1Tests.xctest */ = {isa = PBXFileReference; explicitFileType = wrapper.cfbundle; includeInIndex = 0; path = PracticePerfectMobile1Tests.xctest; sourceTree = BUILT_PRODUCTS_DIR; };
		8422F99724400903005501E1 /* PracticePerfectMobile1Tests.swift */ = {isa = PBXFileReference; lastKnownFileType = sourcecode.swift; path = PracticePerfectMobile1Tests.swift; sourceTree = "<group>"; };
		8422F99924400903005501E1 /* Info.plist */ = {isa = PBXFileReference; lastKnownFileType = text.plist.xml; path = Info.plist; sourceTree = "<group>"; };
		8422F99E24400903005501E1 /* PracticePerfectMobile1UITests.xctest */ = {isa = PBXFileReference; explicitFileType = wrapper.cfbundle; includeInIndex = 0; path = PracticePerfectMobile1UITests.xctest; sourceTree = BUILT_PRODUCTS_DIR; };
		8422F9A224400903005501E1 /* PracticePerfectMobile1UITests.swift */ = {isa = PBXFileReference; lastKnownFileType = sourcecode.swift; path = PracticePerfectMobile1UITests.swift; sourceTree = "<group>"; };
		8422F9A424400903005501E1 /* Info.plist */ = {isa = PBXFileReference; lastKnownFileType = text.plist.xml; path = Info.plist; sourceTree = "<group>"; };
		8422F9B024400948005501E1 /* MyRoutinesView.swift */ = {isa = PBXFileReference; lastKnownFileType = sourcecode.swift; path = MyRoutinesView.swift; sourceTree = "<group>"; };
		8422F9B22440096C005501E1 /* SettingsView.swift */ = {isa = PBXFileReference; lastKnownFileType = sourcecode.swift; path = SettingsView.swift; sourceTree = "<group>"; };
		8422F9B424400988005501E1 /* HomeView.swift */ = {isa = PBXFileReference; lastKnownFileType = sourcecode.swift; path = HomeView.swift; sourceTree = "<group>"; };
		8422F9B624400A38005501E1 /* HostingController.swift */ = {isa = PBXFileReference; lastKnownFileType = sourcecode.swift; path = HostingController.swift; sourceTree = "<group>"; };
		842850C624578764001C3768 /* CreateRoutineView.swift */ = {isa = PBXFileReference; lastKnownFileType = sourcecode.swift; path = CreateRoutineView.swift; sourceTree = "<group>"; };
		842850C82457A48B001C3768 /* AddItemSheet.swift */ = {isa = PBXFileReference; lastKnownFileType = sourcecode.swift; path = AddItemSheet.swift; sourceTree = "<group>"; };
		842850CB2457ABEA001C3768 /* NewPracticeItem.swift */ = {isa = PBXFileReference; lastKnownFileType = sourcecode.swift; path = NewPracticeItem.swift; sourceTree = "<group>"; };
		842C2C7C2453B31900053273 /* MetronomeIcon.png */ = {isa = PBXFileReference; lastKnownFileType = image.png; path = MetronomeIcon.png; sourceTree = "<group>"; };
		842C2C7E2453B3CE00053273 /* MetronomeIcon2.png */ = {isa = PBXFileReference; lastKnownFileType = image.png; path = MetronomeIcon2.png; sourceTree = "<group>"; };
		842EA42D2448B4A40004E767 /* PracticeItem.swift */ = {isa = PBXFileReference; lastKnownFileType = sourcecode.swift; path = PracticeItem.swift; sourceTree = "<group>"; };
		8455A80C24425AB80049D5A5 /* AddItemModal.swift */ = {isa = PBXFileReference; lastKnownFileType = sourcecode.swift; path = AddItemModal.swift; sourceTree = "<group>"; };
		84A9435224524B6E0016B49D /* MetronomeSheet.swift */ = {isa = PBXFileReference; lastKnownFileType = sourcecode.swift; path = MetronomeSheet.swift; sourceTree = "<group>"; };
		84A94354245255830016B49D /* NotificationUtil.swift */ = {isa = PBXFileReference; lastKnownFileType = sourcecode.swift; path = NotificationUtil.swift; sourceTree = "<group>"; };
		84A9435624525D9C0016B49D /* SoundUtil.swift */ = {isa = PBXFileReference; lastKnownFileType = sourcecode.swift; path = SoundUtil.swift; sourceTree = "<group>"; };
		84A9435A245260280016B49D /* completed1.wav */ = {isa = PBXFileReference; lastKnownFileType = audio.wav; path = completed1.wav; sourceTree = "<group>"; };
		84D8FF582458F915004F8D38 /* FirebaseConstants.swift */ = {isa = PBXFileReference; lastKnownFileType = sourcecode.swift; path = FirebaseConstants.swift; sourceTree = "<group>"; };
		84EEC35E2440B108005616B4 /* GoogleService-Info.plist */ = {isa = PBXFileReference; fileEncoding = 4; lastKnownFileType = text.plist.xml; path = "GoogleService-Info.plist"; sourceTree = "<group>"; };
		84EEC3602440B160005616B4 /* SessionStore.swift */ = {isa = PBXFileReference; lastKnownFileType = sourcecode.swift; path = SessionStore.swift; sourceTree = "<group>"; };
		84EEC3622440B6A9005616B4 /* AuthView.swift */ = {isa = PBXFileReference; lastKnownFileType = sourcecode.swift; path = AuthView.swift; sourceTree = "<group>"; };
		84EEC3652440D194005616B4 /* SignInView.swift */ = {isa = PBXFileReference; lastKnownFileType = sourcecode.swift; path = SignInView.swift; sourceTree = "<group>"; };
		84EEC3672440D1D1005616B4 /* SignUpView.swift */ = {isa = PBXFileReference; lastKnownFileType = sourcecode.swift; path = SignUpView.swift; sourceTree = "<group>"; };
		84EEC36A2440DF80005616B4 /* QuickRoutineView.swift */ = {isa = PBXFileReference; lastKnownFileType = sourcecode.swift; path = QuickRoutineView.swift; sourceTree = "<group>"; };
		84EEC36D2440EB0B005616B4 /* MetronomeView.swift */ = {isa = PBXFileReference; lastKnownFileType = sourcecode.swift; path = MetronomeView.swift; sourceTree = "<group>"; };
		84F2F1F1245A5F1200945831 /* FirebaseController.swift */ = {isa = PBXFileReference; lastKnownFileType = sourcecode.swift; path = FirebaseController.swift; sourceTree = "<group>"; };
		854B842F5D2B4457B9CD56E6 /* Pods_PracticePerfectMobile1Tests.framework */ = {isa = PBXFileReference; explicitFileType = wrapper.framework; includeInIndex = 0; path = Pods_PracticePerfectMobile1Tests.framework; sourceTree = BUILT_PRODUCTS_DIR; };
		88A77A1B868ED8292E291B63 /* Pods-PracticePerfectMobile1.debug.xcconfig */ = {isa = PBXFileReference; includeInIndex = 1; lastKnownFileType = text.xcconfig; name = "Pods-PracticePerfectMobile1.debug.xcconfig"; path = "Target Support Files/Pods-PracticePerfectMobile1/Pods-PracticePerfectMobile1.debug.xcconfig"; sourceTree = "<group>"; };
		91DB2605C5126494FA65BD03 /* Pods_PracticePerfectMobile1_PracticePerfectMobile1UITests.framework */ = {isa = PBXFileReference; explicitFileType = wrapper.framework; includeInIndex = 0; path = Pods_PracticePerfectMobile1_PracticePerfectMobile1UITests.framework; sourceTree = BUILT_PRODUCTS_DIR; };
		ABDC76AA050B5E6E9CDA2D6C /* Pods-PracticePerfectMobile1-PracticePerfectMobile1UITests.release.xcconfig */ = {isa = PBXFileReference; includeInIndex = 1; lastKnownFileType = text.xcconfig; name = "Pods-PracticePerfectMobile1-PracticePerfectMobile1UITests.release.xcconfig"; path = "Target Support Files/Pods-PracticePerfectMobile1-PracticePerfectMobile1UITests/Pods-PracticePerfectMobile1-PracticePerfectMobile1UITests.release.xcconfig"; sourceTree = "<group>"; };
		F9D77C822E939860CD6D5484 /* Pods-PracticePerfectMobile1Tests.release.xcconfig */ = {isa = PBXFileReference; includeInIndex = 1; lastKnownFileType = text.xcconfig; name = "Pods-PracticePerfectMobile1Tests.release.xcconfig"; path = "Target Support Files/Pods-PracticePerfectMobile1Tests/Pods-PracticePerfectMobile1Tests.release.xcconfig"; sourceTree = "<group>"; };
/* End PBXFileReference section */

/* Begin PBXFrameworksBuildPhase section */
		8422F97724400902005501E1 /* Frameworks */ = {
			isa = PBXFrameworksBuildPhase;
			buildActionMask = 2147483647;
			files = (
				9AD3C627F21985D15FD0C61C /* Pods_PracticePerfectMobile1.framework in Frameworks */,
			);
			runOnlyForDeploymentPostprocessing = 0;
		};
		8422F99024400903005501E1 /* Frameworks */ = {
			isa = PBXFrameworksBuildPhase;
			buildActionMask = 2147483647;
			files = (
				C4B78F25843051FE3D1522CC /* Pods_PracticePerfectMobile1Tests.framework in Frameworks */,
			);
			runOnlyForDeploymentPostprocessing = 0;
		};
		8422F99B24400903005501E1 /* Frameworks */ = {
			isa = PBXFrameworksBuildPhase;
			buildActionMask = 2147483647;
			files = (
				D219C9F76CF00B37077B2D4C /* Pods_PracticePerfectMobile1_PracticePerfectMobile1UITests.framework in Frameworks */,
			);
			runOnlyForDeploymentPostprocessing = 0;
		};
/* End PBXFrameworksBuildPhase section */

/* Begin PBXGroup section */
		74D979B5FFEA8E572B0D5293 /* Frameworks */ = {
			isa = PBXGroup;
			children = (
				4F0CBCB34C8E979495FA55CB /* Pods_PracticePerfectMobile1.framework */,
				91DB2605C5126494FA65BD03 /* Pods_PracticePerfectMobile1_PracticePerfectMobile1UITests.framework */,
				854B842F5D2B4457B9CD56E6 /* Pods_PracticePerfectMobile1Tests.framework */,
			);
			name = Frameworks;
			sourceTree = "<group>";
		};
		8412E9822442053C00637FFC /* CustomComponents */ = {
			isa = PBXGroup;
			children = (
				8412E97E2441FE1800637FFC /* CustomTextField.swift */,
				8412E9802442042100637FFC /* CustomSecureField.swift */,
				840C69202450C4A200981D98 /* MultilineTextView.swift */,
				840548722454D78D0088F0C5 /* CardView.swift */,
				840AB2DA245618620087E8EB /* TabBar.swift */,
			);
			path = CustomComponents;
			sourceTree = "<group>";
		};
		8422F97124400902005501E1 = {
			isa = PBXGroup;
			children = (
				8422F97C24400902005501E1 /* PracticePerfectMobile1 */,
				8422F99624400903005501E1 /* PracticePerfectMobile1Tests */,
				8422F9A124400903005501E1 /* PracticePerfectMobile1UITests */,
				8422F97B24400902005501E1 /* Products */,
				B0FD688C66A90CBCEEB4DD07 /* Pods */,
				74D979B5FFEA8E572B0D5293 /* Frameworks */,
			);
			sourceTree = "<group>";
		};
		8422F97B24400902005501E1 /* Products */ = {
			isa = PBXGroup;
			children = (
				8422F97A24400902005501E1 /* PracticePerfectMobile1.app */,
				8422F99324400903005501E1 /* PracticePerfectMobile1Tests.xctest */,
				8422F99E24400903005501E1 /* PracticePerfectMobile1UITests.xctest */,
			);
			name = Products;
			sourceTree = "<group>";
		};
		8422F97C24400902005501E1 /* PracticePerfectMobile1 */ = {
			isa = PBXGroup;
			children = (
				84D8FF572458F8F3004F8D38 /* Firebase */,
				842850CA2457A50B001C3768 /* Models */,
				842850C524578748001C3768 /* CreateRoutine */,
				8427DCAE24466DFD0034B1FE /* PlayRoutine */,
				8412E9822442053C00637FFC /* CustomComponents */,
				84EEC36C2440E904005616B4 /* Metronome */,
				84EEC3642440D174005616B4 /* AuthViews */,
				84EEC3692440DF73005616B4 /* QuickRoutine */,
				8422F97F24400902005501E1 /* SceneDelegate.swift */,
				8422F97D24400902005501E1 /* AppDelegate.swift */,
				8422F98424400902005501E1 /* ContentView.swift */,
				8422F9B024400948005501E1 /* MyRoutinesView.swift */,
				8422F9B424400988005501E1 /* HomeView.swift */,
				8422F9B22440096C005501E1 /* SettingsView.swift */,
				842C2C7E2453B3CE00053273 /* MetronomeIcon2.png */,
				8422F98624400903005501E1 /* Assets.xcassets */,
				842C2C7C2453B31900053273 /* MetronomeIcon.png */,
				8422F98B24400903005501E1 /* LaunchScreen.storyboard */,
				8422F98E24400903005501E1 /* Info.plist */,
				84EEC35E2440B108005616B4 /* GoogleService-Info.plist */,
				8422F98124400902005501E1 /* PracticePerfectMobile1.xcdatamodeld */,
				84EEC3602440B160005616B4 /* SessionStore.swift */,
				8422F9B624400A38005501E1 /* HostingController.swift */,
				8422F98824400903005501E1 /* Preview Content */,
			);
			path = PracticePerfectMobile1;
			sourceTree = "<group>";
		};
		8422F98824400903005501E1 /* Preview Content */ = {
			isa = PBXGroup;
			children = (
				8422F98924400903005501E1 /* Preview Assets.xcassets */,
			);
			path = "Preview Content";
			sourceTree = "<group>";
		};
		8422F99624400903005501E1 /* PracticePerfectMobile1Tests */ = {
			isa = PBXGroup;
			children = (
				8422F99724400903005501E1 /* PracticePerfectMobile1Tests.swift */,
				8422F99924400903005501E1 /* Info.plist */,
			);
			path = PracticePerfectMobile1Tests;
			sourceTree = "<group>";
		};
		8422F9A124400903005501E1 /* PracticePerfectMobile1UITests */ = {
			isa = PBXGroup;
			children = (
				8422F9A224400903005501E1 /* PracticePerfectMobile1UITests.swift */,
				8422F9A424400903005501E1 /* Info.plist */,
			);
			path = PracticePerfectMobile1UITests;
			sourceTree = "<group>";
		};
		8427DCAE24466DFD0034B1FE /* PlayRoutine */ = {
			isa = PBXGroup;
			children = (
				84057446244B813400920CEB /* PlayRoutineView.swift */,
				84057448244BD4FE00920CEB /* CountdownView.swift */,
				84A9435224524B6E0016B49D /* MetronomeSheet.swift */,
				84A9435A245260280016B49D /* completed1.wav */,
				84A94354245255830016B49D /* NotificationUtil.swift */,
				84A9435624525D9C0016B49D /* SoundUtil.swift */,
			);
			path = PlayRoutine;
			sourceTree = "<group>";
		};
		842850C524578748001C3768 /* CreateRoutine */ = {
			isa = PBXGroup;
			children = (
				842850C624578764001C3768 /* CreateRoutineView.swift */,
				842850C82457A48B001C3768 /* AddItemSheet.swift */,
			);
			path = CreateRoutine;
			sourceTree = "<group>";
		};
		842850CA2457A50B001C3768 /* Models */ = {
			isa = PBXGroup;
			children = (
				842850CB2457ABEA001C3768 /* NewPracticeItem.swift */,
				840548742454D7D60088F0C5 /* PracticeRoutine.swift */,
			);
			path = Models;
			sourceTree = "<group>";
		};
		84D8FF572458F8F3004F8D38 /* Firebase */ = {
			isa = PBXGroup;
			children = (
				84D8FF582458F915004F8D38 /* FirebaseConstants.swift */,
				84F2F1F1245A5F1200945831 /* FirebaseController.swift */,
			);
			path = Firebase;
			sourceTree = "<group>";
		};
		84EEC3642440D174005616B4 /* AuthViews */ = {
			isa = PBXGroup;
			children = (
				84EEC3622440B6A9005616B4 /* AuthView.swift */,
				84EEC3652440D194005616B4 /* SignInView.swift */,
				84EEC3672440D1D1005616B4 /* SignUpView.swift */,
			);
			path = AuthViews;
			sourceTree = "<group>";
		};
		84EEC3692440DF73005616B4 /* QuickRoutine */ = {
			isa = PBXGroup;
			children = (
				84EEC36A2440DF80005616B4 /* QuickRoutineView.swift */,
				8455A80C24425AB80049D5A5 /* AddItemModal.swift */,
				842EA42D2448B4A40004E767 /* PracticeItem.swift */,
			);
			path = QuickRoutine;
			sourceTree = "<group>";
		};
		84EEC36C2440E904005616B4 /* Metronome */ = {
			isa = PBXGroup;
			children = (
				84EEC36D2440EB0B005616B4 /* MetronomeView.swift */,
			);
			path = Metronome;
			sourceTree = "<group>";
		};
		B0FD688C66A90CBCEEB4DD07 /* Pods */ = {
			isa = PBXGroup;
			children = (
				88A77A1B868ED8292E291B63 /* Pods-PracticePerfectMobile1.debug.xcconfig */,
				0522F1A44F01331CA1BD7117 /* Pods-PracticePerfectMobile1.release.xcconfig */,
				52F22C7F9B36640AFA97818D /* Pods-PracticePerfectMobile1-PracticePerfectMobile1UITests.debug.xcconfig */,
				ABDC76AA050B5E6E9CDA2D6C /* Pods-PracticePerfectMobile1-PracticePerfectMobile1UITests.release.xcconfig */,
				58CA047AF7E5BDF7D1BAE393 /* Pods-PracticePerfectMobile1Tests.debug.xcconfig */,
				F9D77C822E939860CD6D5484 /* Pods-PracticePerfectMobile1Tests.release.xcconfig */,
			);
			path = Pods;
			sourceTree = "<group>";
		};
/* End PBXGroup section */

/* Begin PBXNativeTarget section */
		8422F97924400902005501E1 /* PracticePerfectMobile1 */ = {
			isa = PBXNativeTarget;
			buildConfigurationList = 8422F9A724400903005501E1 /* Build configuration list for PBXNativeTarget "PracticePerfectMobile1" */;
			buildPhases = (
				D86C1238F3DBAA21E891D40C /* [CP] Check Pods Manifest.lock */,
				8422F97624400902005501E1 /* Sources */,
				8422F97724400902005501E1 /* Frameworks */,
				8422F97824400902005501E1 /* Resources */,
				9235E49596D349951888F881 /* [CP] Embed Pods Frameworks */,
			);
			buildRules = (
			);
			dependencies = (
			);
			name = PracticePerfectMobile1;
			productName = PracticePerfectMobile1;
			productReference = 8422F97A24400902005501E1 /* PracticePerfectMobile1.app */;
			productType = "com.apple.product-type.application";
		};
		8422F99224400903005501E1 /* PracticePerfectMobile1Tests */ = {
			isa = PBXNativeTarget;
			buildConfigurationList = 8422F9AA24400903005501E1 /* Build configuration list for PBXNativeTarget "PracticePerfectMobile1Tests" */;
			buildPhases = (
				3A6BCF7DB1E306A1715D6375 /* [CP] Check Pods Manifest.lock */,
				8422F98F24400903005501E1 /* Sources */,
				8422F99024400903005501E1 /* Frameworks */,
				8422F99124400903005501E1 /* Resources */,
			);
			buildRules = (
			);
			dependencies = (
				8422F99524400903005501E1 /* PBXTargetDependency */,
			);
			name = PracticePerfectMobile1Tests;
			productName = PracticePerfectMobile1Tests;
			productReference = 8422F99324400903005501E1 /* PracticePerfectMobile1Tests.xctest */;
			productType = "com.apple.product-type.bundle.unit-test";
		};
		8422F99D24400903005501E1 /* PracticePerfectMobile1UITests */ = {
			isa = PBXNativeTarget;
			buildConfigurationList = 8422F9AD24400903005501E1 /* Build configuration list for PBXNativeTarget "PracticePerfectMobile1UITests" */;
			buildPhases = (
				9BA6AA70C35960DFC8EA2613 /* [CP] Check Pods Manifest.lock */,
				8422F99A24400903005501E1 /* Sources */,
				8422F99B24400903005501E1 /* Frameworks */,
				8422F99C24400903005501E1 /* Resources */,
				68B7B5A9C352A458517635C6 /* [CP] Embed Pods Frameworks */,
			);
			buildRules = (
			);
			dependencies = (
				8422F9A024400903005501E1 /* PBXTargetDependency */,
			);
			name = PracticePerfectMobile1UITests;
			productName = PracticePerfectMobile1UITests;
			productReference = 8422F99E24400903005501E1 /* PracticePerfectMobile1UITests.xctest */;
			productType = "com.apple.product-type.bundle.ui-testing";
		};
/* End PBXNativeTarget section */

/* Begin PBXProject section */
		8422F97224400902005501E1 /* Project object */ = {
			isa = PBXProject;
			attributes = {
				LastSwiftUpdateCheck = 1140;
				LastUpgradeCheck = 1140;
				ORGANIZATIONNAME = JakeRuthMusic;
				TargetAttributes = {
					8422F97924400902005501E1 = {
						CreatedOnToolsVersion = 11.4;
					};
					8422F99224400903005501E1 = {
						CreatedOnToolsVersion = 11.4;
						TestTargetID = 8422F97924400902005501E1;
					};
					8422F99D24400903005501E1 = {
						CreatedOnToolsVersion = 11.4;
						TestTargetID = 8422F97924400902005501E1;
					};
				};
			};
			buildConfigurationList = 8422F97524400902005501E1 /* Build configuration list for PBXProject "PracticePerfectMobile1" */;
			compatibilityVersion = "Xcode 9.3";
			developmentRegion = en;
			hasScannedForEncodings = 0;
			knownRegions = (
				en,
				Base,
			);
			mainGroup = 8422F97124400902005501E1;
			productRefGroup = 8422F97B24400902005501E1 /* Products */;
			projectDirPath = "";
			projectRoot = "";
			targets = (
				8422F97924400902005501E1 /* PracticePerfectMobile1 */,
				8422F99224400903005501E1 /* PracticePerfectMobile1Tests */,
				8422F99D24400903005501E1 /* PracticePerfectMobile1UITests */,
			);
		};
/* End PBXProject section */

/* Begin PBXResourcesBuildPhase section */
		8422F97824400902005501E1 /* Resources */ = {
			isa = PBXResourcesBuildPhase;
			buildActionMask = 2147483647;
			files = (
				84A9435B245260280016B49D /* completed1.wav in Resources */,
				8422F98D24400903005501E1 /* LaunchScreen.storyboard in Resources */,
				84EEC35F2440B108005616B4 /* GoogleService-Info.plist in Resources */,
				8422F98A24400903005501E1 /* Preview Assets.xcassets in Resources */,
				842C2C7F2453B3CE00053273 /* MetronomeIcon2.png in Resources */,
				8422F98724400903005501E1 /* Assets.xcassets in Resources */,
				842C2C7D2453B31900053273 /* MetronomeIcon.png in Resources */,
			);
			runOnlyForDeploymentPostprocessing = 0;
		};
		8422F99124400903005501E1 /* Resources */ = {
			isa = PBXResourcesBuildPhase;
			buildActionMask = 2147483647;
			files = (
			);
			runOnlyForDeploymentPostprocessing = 0;
		};
		8422F99C24400903005501E1 /* Resources */ = {
			isa = PBXResourcesBuildPhase;
			buildActionMask = 2147483647;
			files = (
			);
			runOnlyForDeploymentPostprocessing = 0;
		};
/* End PBXResourcesBuildPhase section */

/* Begin PBXShellScriptBuildPhase section */
		3A6BCF7DB1E306A1715D6375 /* [CP] Check Pods Manifest.lock */ = {
			isa = PBXShellScriptBuildPhase;
			buildActionMask = 2147483647;
			files = (
			);
			inputFileListPaths = (
			);
			inputPaths = (
				"${PODS_PODFILE_DIR_PATH}/Podfile.lock",
				"${PODS_ROOT}/Manifest.lock",
			);
			name = "[CP] Check Pods Manifest.lock";
			outputFileListPaths = (
			);
			outputPaths = (
				"$(DERIVED_FILE_DIR)/Pods-PracticePerfectMobile1Tests-checkManifestLockResult.txt",
			);
			runOnlyForDeploymentPostprocessing = 0;
			shellPath = /bin/sh;
			shellScript = "diff \"${PODS_PODFILE_DIR_PATH}/Podfile.lock\" \"${PODS_ROOT}/Manifest.lock\" > /dev/null\nif [ $? != 0 ] ; then\n    # print error to STDERR\n    echo \"error: The sandbox is not in sync with the Podfile.lock. Run 'pod install' or update your CocoaPods installation.\" >&2\n    exit 1\nfi\n# This output is used by Xcode 'outputs' to avoid re-running this script phase.\necho \"SUCCESS\" > \"${SCRIPT_OUTPUT_FILE_0}\"\n";
			showEnvVarsInLog = 0;
		};
		68B7B5A9C352A458517635C6 /* [CP] Embed Pods Frameworks */ = {
			isa = PBXShellScriptBuildPhase;
			buildActionMask = 2147483647;
			files = (
			);
			inputFileListPaths = (
				"${PODS_ROOT}/Target Support Files/Pods-PracticePerfectMobile1-PracticePerfectMobile1UITests/Pods-PracticePerfectMobile1-PracticePerfectMobile1UITests-frameworks-${CONFIGURATION}-input-files.xcfilelist",
			);
			name = "[CP] Embed Pods Frameworks";
			outputFileListPaths = (
				"${PODS_ROOT}/Target Support Files/Pods-PracticePerfectMobile1-PracticePerfectMobile1UITests/Pods-PracticePerfectMobile1-PracticePerfectMobile1UITests-frameworks-${CONFIGURATION}-output-files.xcfilelist",
			);
			runOnlyForDeploymentPostprocessing = 0;
			shellPath = /bin/sh;
			shellScript = "\"${PODS_ROOT}/Target Support Files/Pods-PracticePerfectMobile1-PracticePerfectMobile1UITests/Pods-PracticePerfectMobile1-PracticePerfectMobile1UITests-frameworks.sh\"\n";
			showEnvVarsInLog = 0;
		};
		9235E49596D349951888F881 /* [CP] Embed Pods Frameworks */ = {
			isa = PBXShellScriptBuildPhase;
			buildActionMask = 2147483647;
			files = (
			);
			inputFileListPaths = (
				"${PODS_ROOT}/Target Support Files/Pods-PracticePerfectMobile1/Pods-PracticePerfectMobile1-frameworks-${CONFIGURATION}-input-files.xcfilelist",
			);
			name = "[CP] Embed Pods Frameworks";
			outputFileListPaths = (
				"${PODS_ROOT}/Target Support Files/Pods-PracticePerfectMobile1/Pods-PracticePerfectMobile1-frameworks-${CONFIGURATION}-output-files.xcfilelist",
			);
			runOnlyForDeploymentPostprocessing = 0;
			shellPath = /bin/sh;
			shellScript = "\"${PODS_ROOT}/Target Support Files/Pods-PracticePerfectMobile1/Pods-PracticePerfectMobile1-frameworks.sh\"\n";
			showEnvVarsInLog = 0;
		};
		9BA6AA70C35960DFC8EA2613 /* [CP] Check Pods Manifest.lock */ = {
			isa = PBXShellScriptBuildPhase;
			buildActionMask = 2147483647;
			files = (
			);
			inputFileListPaths = (
			);
			inputPaths = (
				"${PODS_PODFILE_DIR_PATH}/Podfile.lock",
				"${PODS_ROOT}/Manifest.lock",
			);
			name = "[CP] Check Pods Manifest.lock";
			outputFileListPaths = (
			);
			outputPaths = (
				"$(DERIVED_FILE_DIR)/Pods-PracticePerfectMobile1-PracticePerfectMobile1UITests-checkManifestLockResult.txt",
			);
			runOnlyForDeploymentPostprocessing = 0;
			shellPath = /bin/sh;
			shellScript = "diff \"${PODS_PODFILE_DIR_PATH}/Podfile.lock\" \"${PODS_ROOT}/Manifest.lock\" > /dev/null\nif [ $? != 0 ] ; then\n    # print error to STDERR\n    echo \"error: The sandbox is not in sync with the Podfile.lock. Run 'pod install' or update your CocoaPods installation.\" >&2\n    exit 1\nfi\n# This output is used by Xcode 'outputs' to avoid re-running this script phase.\necho \"SUCCESS\" > \"${SCRIPT_OUTPUT_FILE_0}\"\n";
			showEnvVarsInLog = 0;
		};
		D86C1238F3DBAA21E891D40C /* [CP] Check Pods Manifest.lock */ = {
			isa = PBXShellScriptBuildPhase;
			buildActionMask = 2147483647;
			files = (
			);
			inputFileListPaths = (
			);
			inputPaths = (
				"${PODS_PODFILE_DIR_PATH}/Podfile.lock",
				"${PODS_ROOT}/Manifest.lock",
			);
			name = "[CP] Check Pods Manifest.lock";
			outputFileListPaths = (
			);
			outputPaths = (
				"$(DERIVED_FILE_DIR)/Pods-PracticePerfectMobile1-checkManifestLockResult.txt",
			);
			runOnlyForDeploymentPostprocessing = 0;
			shellPath = /bin/sh;
			shellScript = "diff \"${PODS_PODFILE_DIR_PATH}/Podfile.lock\" \"${PODS_ROOT}/Manifest.lock\" > /dev/null\nif [ $? != 0 ] ; then\n    # print error to STDERR\n    echo \"error: The sandbox is not in sync with the Podfile.lock. Run 'pod install' or update your CocoaPods installation.\" >&2\n    exit 1\nfi\n# This output is used by Xcode 'outputs' to avoid re-running this script phase.\necho \"SUCCESS\" > \"${SCRIPT_OUTPUT_FILE_0}\"\n";
			showEnvVarsInLog = 0;
		};
/* End PBXShellScriptBuildPhase section */

/* Begin PBXSourcesBuildPhase section */
		8422F97624400902005501E1 /* Sources */ = {
			isa = PBXSourcesBuildPhase;
			buildActionMask = 2147483647;
			files = (
				84A94355245255830016B49D /* NotificationUtil.swift in Sources */,
				84A9435724525D9C0016B49D /* SoundUtil.swift in Sources */,
				842850C92457A48B001C3768 /* AddItemSheet.swift in Sources */,
				84A9435324524B6E0016B49D /* MetronomeSheet.swift in Sources */,
				8455A80D24425AB80049D5A5 /* AddItemModal.swift in Sources */,
				8422F97E24400902005501E1 /* AppDelegate.swift in Sources */,
				8422F9B524400988005501E1 /* HomeView.swift in Sources */,
				842850CC2457ABEA001C3768 /* NewPracticeItem.swift in Sources */,
				84D8FF592458F915004F8D38 /* FirebaseConstants.swift in Sources */,
				84EEC36B2440DF80005616B4 /* QuickRoutineView.swift in Sources */,
				84EEC36E2440EB0B005616B4 /* MetronomeView.swift in Sources */,
				8422F9B724400A38005501E1 /* HostingController.swift in Sources */,
				840C69212450C4A200981D98 /* MultilineTextView.swift in Sources */,
				84057449244BD4FE00920CEB /* CountdownView.swift in Sources */,
				8422F98024400902005501E1 /* SceneDelegate.swift in Sources */,
				84EEC3682440D1D1005616B4 /* SignUpView.swift in Sources */,
				8422F98524400902005501E1 /* ContentView.swift in Sources */,
				842850C724578764001C3768 /* CreateRoutineView.swift in Sources */,
				8412E9812442042100637FFC /* CustomSecureField.swift in Sources */,
				84EEC3612440B160005616B4 /* SessionStore.swift in Sources */,
				84EEC3632440B6A9005616B4 /* AuthView.swift in Sources */,
				840548752454D7D60088F0C5 /* PracticeRoutine.swift in Sources */,
				842EA42E2448B4A40004E767 /* PracticeItem.swift in Sources */,
				8422F9B32440096C005501E1 /* SettingsView.swift in Sources */,
				84F2F1F2245A5F1200945831 /* FirebaseController.swift in Sources */,
				840548732454D78D0088F0C5 /* CardView.swift in Sources */,
				8422F9B124400948005501E1 /* MyRoutinesView.swift in Sources */,
				84057447244B813400920CEB /* PlayRoutineView.swift in Sources */,
				84EEC3662440D194005616B4 /* SignInView.swift in Sources */,
				8422F98324400902005501E1 /* PracticePerfectMobile1.xcdatamodeld in Sources */,
				8412E97F2441FE1800637FFC /* CustomTextField.swift in Sources */,
				840AB2DB245618620087E8EB /* TabBar.swift in Sources */,
			);
			runOnlyForDeploymentPostprocessing = 0;
		};
		8422F98F24400903005501E1 /* Sources */ = {
			isa = PBXSourcesBuildPhase;
			buildActionMask = 2147483647;
			files = (
				8422F99824400903005501E1 /* PracticePerfectMobile1Tests.swift in Sources */,
			);
			runOnlyForDeploymentPostprocessing = 0;
		};
		8422F99A24400903005501E1 /* Sources */ = {
			isa = PBXSourcesBuildPhase;
			buildActionMask = 2147483647;
			files = (
				8422F9A324400903005501E1 /* PracticePerfectMobile1UITests.swift in Sources */,
			);
			runOnlyForDeploymentPostprocessing = 0;
		};
/* End PBXSourcesBuildPhase section */

/* Begin PBXTargetDependency section */
		8422F99524400903005501E1 /* PBXTargetDependency */ = {
			isa = PBXTargetDependency;
			target = 8422F97924400902005501E1 /* PracticePerfectMobile1 */;
			targetProxy = 8422F99424400903005501E1 /* PBXContainerItemProxy */;
		};
		8422F9A024400903005501E1 /* PBXTargetDependency */ = {
			isa = PBXTargetDependency;
			target = 8422F97924400902005501E1 /* PracticePerfectMobile1 */;
			targetProxy = 8422F99F24400903005501E1 /* PBXContainerItemProxy */;
		};
/* End PBXTargetDependency section */

/* Begin PBXVariantGroup section */
		8422F98B24400903005501E1 /* LaunchScreen.storyboard */ = {
			isa = PBXVariantGroup;
			children = (
				8422F98C24400903005501E1 /* Base */,
			);
			name = LaunchScreen.storyboard;
			sourceTree = "<group>";
		};
/* End PBXVariantGroup section */

/* Begin XCBuildConfiguration section */
		8422F9A524400903005501E1 /* Debug */ = {
			isa = XCBuildConfiguration;
			buildSettings = {
				ALWAYS_SEARCH_USER_PATHS = NO;
				CLANG_ANALYZER_NONNULL = YES;
				CLANG_ANALYZER_NUMBER_OBJECT_CONVERSION = YES_AGGRESSIVE;
				CLANG_CXX_LANGUAGE_STANDARD = "gnu++14";
				CLANG_CXX_LIBRARY = "libc++";
				CLANG_ENABLE_MODULES = YES;
				CLANG_ENABLE_OBJC_ARC = YES;
				CLANG_ENABLE_OBJC_WEAK = YES;
				CLANG_WARN_BLOCK_CAPTURE_AUTORELEASING = YES;
				CLANG_WARN_BOOL_CONVERSION = YES;
				CLANG_WARN_COMMA = YES;
				CLANG_WARN_CONSTANT_CONVERSION = YES;
				CLANG_WARN_DEPRECATED_OBJC_IMPLEMENTATIONS = YES;
				CLANG_WARN_DIRECT_OBJC_ISA_USAGE = YES_ERROR;
				CLANG_WARN_DOCUMENTATION_COMMENTS = YES;
				CLANG_WARN_EMPTY_BODY = YES;
				CLANG_WARN_ENUM_CONVERSION = YES;
				CLANG_WARN_INFINITE_RECURSION = YES;
				CLANG_WARN_INT_CONVERSION = YES;
				CLANG_WARN_NON_LITERAL_NULL_CONVERSION = YES;
				CLANG_WARN_OBJC_IMPLICIT_RETAIN_SELF = YES;
				CLANG_WARN_OBJC_LITERAL_CONVERSION = YES;
				CLANG_WARN_OBJC_ROOT_CLASS = YES_ERROR;
				CLANG_WARN_RANGE_LOOP_ANALYSIS = YES;
				CLANG_WARN_STRICT_PROTOTYPES = YES;
				CLANG_WARN_SUSPICIOUS_MOVE = YES;
				CLANG_WARN_UNGUARDED_AVAILABILITY = YES_AGGRESSIVE;
				CLANG_WARN_UNREACHABLE_CODE = YES;
				CLANG_WARN__DUPLICATE_METHOD_MATCH = YES;
				COPY_PHASE_STRIP = NO;
				DEBUG_INFORMATION_FORMAT = dwarf;
				ENABLE_STRICT_OBJC_MSGSEND = YES;
				ENABLE_TESTABILITY = YES;
				GCC_C_LANGUAGE_STANDARD = gnu11;
				GCC_DYNAMIC_NO_PIC = NO;
				GCC_NO_COMMON_BLOCKS = YES;
				GCC_OPTIMIZATION_LEVEL = 0;
				GCC_PREPROCESSOR_DEFINITIONS = (
					"DEBUG=1",
					"$(inherited)",
				);
				GCC_WARN_64_TO_32_BIT_CONVERSION = YES;
				GCC_WARN_ABOUT_RETURN_TYPE = YES_ERROR;
				GCC_WARN_UNDECLARED_SELECTOR = YES;
				GCC_WARN_UNINITIALIZED_AUTOS = YES_AGGRESSIVE;
				GCC_WARN_UNUSED_FUNCTION = YES;
				GCC_WARN_UNUSED_VARIABLE = YES;
				IPHONEOS_DEPLOYMENT_TARGET = 13.4;
				MTL_ENABLE_DEBUG_INFO = INCLUDE_SOURCE;
				MTL_FAST_MATH = YES;
				ONLY_ACTIVE_ARCH = YES;
				SDKROOT = iphoneos;
				SWIFT_ACTIVE_COMPILATION_CONDITIONS = DEBUG;
				SWIFT_OPTIMIZATION_LEVEL = "-Onone";
			};
			name = Debug;
		};
		8422F9A624400903005501E1 /* Release */ = {
			isa = XCBuildConfiguration;
			buildSettings = {
				ALWAYS_SEARCH_USER_PATHS = NO;
				CLANG_ANALYZER_NONNULL = YES;
				CLANG_ANALYZER_NUMBER_OBJECT_CONVERSION = YES_AGGRESSIVE;
				CLANG_CXX_LANGUAGE_STANDARD = "gnu++14";
				CLANG_CXX_LIBRARY = "libc++";
				CLANG_ENABLE_MODULES = YES;
				CLANG_ENABLE_OBJC_ARC = YES;
				CLANG_ENABLE_OBJC_WEAK = YES;
				CLANG_WARN_BLOCK_CAPTURE_AUTORELEASING = YES;
				CLANG_WARN_BOOL_CONVERSION = YES;
				CLANG_WARN_COMMA = YES;
				CLANG_WARN_CONSTANT_CONVERSION = YES;
				CLANG_WARN_DEPRECATED_OBJC_IMPLEMENTATIONS = YES;
				CLANG_WARN_DIRECT_OBJC_ISA_USAGE = YES_ERROR;
				CLANG_WARN_DOCUMENTATION_COMMENTS = YES;
				CLANG_WARN_EMPTY_BODY = YES;
				CLANG_WARN_ENUM_CONVERSION = YES;
				CLANG_WARN_INFINITE_RECURSION = YES;
				CLANG_WARN_INT_CONVERSION = YES;
				CLANG_WARN_NON_LITERAL_NULL_CONVERSION = YES;
				CLANG_WARN_OBJC_IMPLICIT_RETAIN_SELF = YES;
				CLANG_WARN_OBJC_LITERAL_CONVERSION = YES;
				CLANG_WARN_OBJC_ROOT_CLASS = YES_ERROR;
				CLANG_WARN_RANGE_LOOP_ANALYSIS = YES;
				CLANG_WARN_STRICT_PROTOTYPES = YES;
				CLANG_WARN_SUSPICIOUS_MOVE = YES;
				CLANG_WARN_UNGUARDED_AVAILABILITY = YES_AGGRESSIVE;
				CLANG_WARN_UNREACHABLE_CODE = YES;
				CLANG_WARN__DUPLICATE_METHOD_MATCH = YES;
				COPY_PHASE_STRIP = NO;
				DEBUG_INFORMATION_FORMAT = "dwarf-with-dsym";
				ENABLE_NS_ASSERTIONS = NO;
				ENABLE_STRICT_OBJC_MSGSEND = YES;
				GCC_C_LANGUAGE_STANDARD = gnu11;
				GCC_NO_COMMON_BLOCKS = YES;
				GCC_WARN_64_TO_32_BIT_CONVERSION = YES;
				GCC_WARN_ABOUT_RETURN_TYPE = YES_ERROR;
				GCC_WARN_UNDECLARED_SELECTOR = YES;
				GCC_WARN_UNINITIALIZED_AUTOS = YES_AGGRESSIVE;
				GCC_WARN_UNUSED_FUNCTION = YES;
				GCC_WARN_UNUSED_VARIABLE = YES;
				IPHONEOS_DEPLOYMENT_TARGET = 13.4;
				MTL_ENABLE_DEBUG_INFO = NO;
				MTL_FAST_MATH = YES;
				SDKROOT = iphoneos;
				SWIFT_COMPILATION_MODE = wholemodule;
				SWIFT_OPTIMIZATION_LEVEL = "-O";
				VALIDATE_PRODUCT = YES;
			};
			name = Release;
		};
		8422F9A824400903005501E1 /* Debug */ = {
			isa = XCBuildConfiguration;
			baseConfigurationReference = 88A77A1B868ED8292E291B63 /* Pods-PracticePerfectMobile1.debug.xcconfig */;
			buildSettings = {
				ASSETCATALOG_COMPILER_APPICON_NAME = AppIcon;
				CODE_SIGN_STYLE = Automatic;
				DEVELOPMENT_ASSET_PATHS = "\"PracticePerfectMobile1/Preview Content\"";
				DEVELOPMENT_TEAM = XGH66HW2PT;
				ENABLE_PREVIEWS = YES;
				INFOPLIST_FILE = PracticePerfectMobile1/Info.plist;
				IPHONEOS_DEPLOYMENT_TARGET = 13.0;
				LD_RUNPATH_SEARCH_PATHS = (
					"$(inherited)",
					"@executable_path/Frameworks",
				);
				PRODUCT_BUNDLE_IDENTIFIER = com.jakeruthmusic.PracticePerfectMobile1;
				PRODUCT_NAME = "$(TARGET_NAME)";
				SWIFT_VERSION = 5.0;
				TARGETED_DEVICE_FAMILY = "1,2";
			};
			name = Debug;
		};
		8422F9A924400903005501E1 /* Release */ = {
			isa = XCBuildConfiguration;
			baseConfigurationReference = 0522F1A44F01331CA1BD7117 /* Pods-PracticePerfectMobile1.release.xcconfig */;
			buildSettings = {
				ASSETCATALOG_COMPILER_APPICON_NAME = AppIcon;
				CODE_SIGN_STYLE = Automatic;
				DEVELOPMENT_ASSET_PATHS = "\"PracticePerfectMobile1/Preview Content\"";
				DEVELOPMENT_TEAM = XGH66HW2PT;
				ENABLE_PREVIEWS = YES;
				INFOPLIST_FILE = PracticePerfectMobile1/Info.plist;
				IPHONEOS_DEPLOYMENT_TARGET = 13.0;
				LD_RUNPATH_SEARCH_PATHS = (
					"$(inherited)",
					"@executable_path/Frameworks",
				);
				PRODUCT_BUNDLE_IDENTIFIER = com.jakeruthmusic.PracticePerfectMobile1;
				PRODUCT_NAME = "$(TARGET_NAME)";
				SWIFT_VERSION = 5.0;
				TARGETED_DEVICE_FAMILY = "1,2";
			};
			name = Release;
		};
		8422F9AB24400903005501E1 /* Debug */ = {
			isa = XCBuildConfiguration;
			baseConfigurationReference = 58CA047AF7E5BDF7D1BAE393 /* Pods-PracticePerfectMobile1Tests.debug.xcconfig */;
			buildSettings = {
				ALWAYS_EMBED_SWIFT_STANDARD_LIBRARIES = YES;
				BUNDLE_LOADER = "$(TEST_HOST)";
				CODE_SIGN_STYLE = Automatic;
				DEVELOPMENT_TEAM = XGH66HW2PT;
				INFOPLIST_FILE = PracticePerfectMobile1Tests/Info.plist;
				IPHONEOS_DEPLOYMENT_TARGET = 13.4;
				LD_RUNPATH_SEARCH_PATHS = (
					"$(inherited)",
					"@executable_path/Frameworks",
					"@loader_path/Frameworks",
				);
				PRODUCT_BUNDLE_IDENTIFIER = com.jakeruthmusic.PracticePerfectMobile1Tests;
				PRODUCT_NAME = "$(TARGET_NAME)";
				SWIFT_VERSION = 5.0;
				TARGETED_DEVICE_FAMILY = "1,2";
				TEST_HOST = "$(BUILT_PRODUCTS_DIR)/PracticePerfectMobile1.app/PracticePerfectMobile1";
			};
			name = Debug;
		};
		8422F9AC24400903005501E1 /* Release */ = {
			isa = XCBuildConfiguration;
			baseConfigurationReference = F9D77C822E939860CD6D5484 /* Pods-PracticePerfectMobile1Tests.release.xcconfig */;
			buildSettings = {
				ALWAYS_EMBED_SWIFT_STANDARD_LIBRARIES = YES;
				BUNDLE_LOADER = "$(TEST_HOST)";
				CODE_SIGN_STYLE = Automatic;
				DEVELOPMENT_TEAM = XGH66HW2PT;
				INFOPLIST_FILE = PracticePerfectMobile1Tests/Info.plist;
				IPHONEOS_DEPLOYMENT_TARGET = 13.4;
				LD_RUNPATH_SEARCH_PATHS = (
					"$(inherited)",
					"@executable_path/Frameworks",
					"@loader_path/Frameworks",
				);
				PRODUCT_BUNDLE_IDENTIFIER = com.jakeruthmusic.PracticePerfectMobile1Tests;
				PRODUCT_NAME = "$(TARGET_NAME)";
				SWIFT_VERSION = 5.0;
				TARGETED_DEVICE_FAMILY = "1,2";
				TEST_HOST = "$(BUILT_PRODUCTS_DIR)/PracticePerfectMobile1.app/PracticePerfectMobile1";
			};
			name = Release;
		};
		8422F9AE24400903005501E1 /* Debug */ = {
			isa = XCBuildConfiguration;
			baseConfigurationReference = 52F22C7F9B36640AFA97818D /* Pods-PracticePerfectMobile1-PracticePerfectMobile1UITests.debug.xcconfig */;
			buildSettings = {
				ALWAYS_EMBED_SWIFT_STANDARD_LIBRARIES = YES;
				CODE_SIGN_STYLE = Automatic;
				DEVELOPMENT_TEAM = XGH66HW2PT;
				INFOPLIST_FILE = PracticePerfectMobile1UITests/Info.plist;
				LD_RUNPATH_SEARCH_PATHS = (
					"$(inherited)",
					"@executable_path/Frameworks",
					"@loader_path/Frameworks",
				);
				PRODUCT_BUNDLE_IDENTIFIER = com.jakeruthmusic.PracticePerfectMobile1UITests;
				PRODUCT_NAME = "$(TARGET_NAME)";
				SWIFT_VERSION = 5.0;
				TARGETED_DEVICE_FAMILY = "1,2";
				TEST_TARGET_NAME = PracticePerfectMobile1;
			};
			name = Debug;
		};
		8422F9AF24400903005501E1 /* Release */ = {
			isa = XCBuildConfiguration;
			baseConfigurationReference = ABDC76AA050B5E6E9CDA2D6C /* Pods-PracticePerfectMobile1-PracticePerfectMobile1UITests.release.xcconfig */;
			buildSettings = {
				ALWAYS_EMBED_SWIFT_STANDARD_LIBRARIES = YES;
				CODE_SIGN_STYLE = Automatic;
				DEVELOPMENT_TEAM = XGH66HW2PT;
				INFOPLIST_FILE = PracticePerfectMobile1UITests/Info.plist;
				LD_RUNPATH_SEARCH_PATHS = (
					"$(inherited)",
					"@executable_path/Frameworks",
					"@loader_path/Frameworks",
				);
				PRODUCT_BUNDLE_IDENTIFIER = com.jakeruthmusic.PracticePerfectMobile1UITests;
				PRODUCT_NAME = "$(TARGET_NAME)";
				SWIFT_VERSION = 5.0;
				TARGETED_DEVICE_FAMILY = "1,2";
				TEST_TARGET_NAME = PracticePerfectMobile1;
			};
			name = Release;
		};
/* End XCBuildConfiguration section */

/* Begin XCConfigurationList section */
		8422F97524400902005501E1 /* Build configuration list for PBXProject "PracticePerfectMobile1" */ = {
			isa = XCConfigurationList;
			buildConfigurations = (
				8422F9A524400903005501E1 /* Debug */,
				8422F9A624400903005501E1 /* Release */,
			);
			defaultConfigurationIsVisible = 0;
			defaultConfigurationName = Release;
		};
		8422F9A724400903005501E1 /* Build configuration list for PBXNativeTarget "PracticePerfectMobile1" */ = {
			isa = XCConfigurationList;
			buildConfigurations = (
				8422F9A824400903005501E1 /* Debug */,
				8422F9A924400903005501E1 /* Release */,
			);
			defaultConfigurationIsVisible = 0;
			defaultConfigurationName = Release;
		};
		8422F9AA24400903005501E1 /* Build configuration list for PBXNativeTarget "PracticePerfectMobile1Tests" */ = {
			isa = XCConfigurationList;
			buildConfigurations = (
				8422F9AB24400903005501E1 /* Debug */,
				8422F9AC24400903005501E1 /* Release */,
			);
			defaultConfigurationIsVisible = 0;
			defaultConfigurationName = Release;
		};
		8422F9AD24400903005501E1 /* Build configuration list for PBXNativeTarget "PracticePerfectMobile1UITests" */ = {
			isa = XCConfigurationList;
			buildConfigurations = (
				8422F9AE24400903005501E1 /* Debug */,
				8422F9AF24400903005501E1 /* Release */,
			);
			defaultConfigurationIsVisible = 0;
			defaultConfigurationName = Release;
		};
/* End XCConfigurationList section */

/* Begin XCVersionGroup section */
		8422F98124400902005501E1 /* PracticePerfectMobile1.xcdatamodeld */ = {
			isa = XCVersionGroup;
			children = (
				8422F98224400902005501E1 /* PracticePerfectMobile1.xcdatamodel */,
			);
			currentVersion = 8422F98224400902005501E1 /* PracticePerfectMobile1.xcdatamodel */;
			path = PracticePerfectMobile1.xcdatamodeld;
			sourceTree = "<group>";
			versionGroupType = wrapper.xcdatamodel;
		};
/* End XCVersionGroup section */
	};
	rootObject = 8422F97224400902005501E1 /* Project object */;
}
