// !$*UTF8*$!
{
	archiveVersion = 1;
	classes = {
	};
	objectVersion = 50;
	objects = {

/* Begin PBXBuildFile section */
		8422F97E24400902005501E1 /* AppDelegate.swift in Sources */ = {isa = PBXBuildFile; fileRef = 8422F97D24400902005501E1 /* AppDelegate.swift */; };
		8422F98024400902005501E1 /* SceneDelegate.swift in Sources */ = {isa = PBXBuildFile; fileRef = 8422F97F24400902005501E1 /* SceneDelegate.swift */; };
		8422F98324400902005501E1 /* PracticePerfectMobile1.xcdatamodeld in Sources */ = {isa = PBXBuildFile; fileRef = 8422F98124400902005501E1 /* PracticePerfectMobile1.xcdatamodeld */; };
		8422F98524400902005501E1 /* ContentView.swift in Sources */ = {isa = PBXBuildFile; fileRef = 8422F98424400902005501E1 /* ContentView.swift */; };
		8422F98724400903005501E1 /* Assets.xcassets in Resources */ = {isa = PBXBuildFile; fileRef = 8422F98624400903005501E1 /* Assets.xcassets */; };
		8422F98A24400903005501E1 /* Preview Assets.xcassets in Resources */ = {isa = PBXBuildFile; fileRef = 8422F98924400903005501E1 /* Preview Assets.xcassets */; };
		8422F98D24400903005501E1 /* LaunchScreen.storyboard in Resources */ = {isa = PBXBuildFile; fileRef = 8422F98B24400903005501E1 /* LaunchScreen.storyboard */; };
		8422F99824400903005501E1 /* PracticePerfectMobile1Tests.swift in Sources */ = {isa = PBXBuildFile; fileRef = 8422F99724400903005501E1 /* PracticePerfectMobile1Tests.swift */; };
		8422F9A324400903005501E1 /* PracticePerfectMobile1UITests.swift in Sources */ = {isa = PBXBuildFile; fileRef = 8422F9A224400903005501E1 /* PracticePerfectMobile1UITests.swift */; };
/* End PBXBuildFile section */

/* Begin PBXContainerItemProxy section */
		8422F99424400903005501E1 /* PBXContainerItemProxy */ = {
			isa = PBXContainerItemProxy;
			containerPortal = 8422F97224400902005501E1 /* Project object */;
			proxyType = 1;
			remoteGlobalIDString = 8422F97924400902005501E1;
			remoteInfo = PracticePerfectMobile1;
		};
		8422F99F24400903005501E1 /* PBXContainerItemProxy */ = {
			isa = PBXContainerItemProxy;
			containerPortal = 8422F97224400902005501E1 /* Project object */;
			proxyType = 1;
			remoteGlobalIDString = 8422F97924400902005501E1;
			remoteInfo = PracticePerfectMobile1;
		};
/* End PBXContainerItemProxy section */

/* Begin PBXFileReference section */
		8422F97A24400902005501E1 /* PracticePerfectMobile1.app */ = {isa = PBXFileReference; explicitFileType = wrapper.application; includeInIndex = 0; path = PracticePerfectMobile1.app; sourceTree = BUILT_PRODUCTS_DIR; };
		8422F97D24400902005501E1 /* AppDelegate.swift */ = {isa = PBXFileReference; lastKnownFileType = sourcecode.swift; path = AppDelegate.swift; sourceTree = "<group>"; };
		8422F97F24400902005501E1 /* SceneDelegate.swift */ = {isa = PBXFileReference; lastKnownFileType = sourcecode.swift; path = SceneDelegate.swift; sourceTree = "<group>"; };
		8422F98224400902005501E1 /* PracticePerfectMobile1.xcdatamodel */ = {isa = PBXFileReference; lastKnownFileType = wrapper.xcdatamodel; path = PracticePerfectMobile1.xcdatamodel; sourceTree = "<group>"; };
		8422F98424400902005501E1 /* ContentView.swift */ = {isa = PBXFileReference; lastKnownFileType = sourcecode.swift; path = ContentView.swift; sourceTree = "<group>"; };
		8422F98624400903005501E1 /* Assets.xcassets */ = {isa = PBXFileReference; lastKnownFileType = folder.assetcatalog; path = Assets.xcassets; sourceTree = "<group>"; };
		8422F98924400903005501E1 /* Preview Assets.xcassets */ = {isa = PBXFileReference; lastKnownFileType = folder.assetcatalog; path = "Preview Assets.xcassets"; sourceTree = "<group>"; };
		8422F98C24400903005501E1 /* Base */ = {isa = PBXFileReference; lastKnownFileType = file.storyboard; name = Base; path = Base.lproj/LaunchScreen.storyboard; sourceTree = "<group>"; };
		8422F98E24400903005501E1 /* Info.plist */ = {isa = PBXFileReference; lastKnownFileType = text.plist.xml; path = Info.plist; sourceTree = "<group>"; };
		8422F99324400903005501E1 /* PracticePerfectMobile1Tests.xctest */ = {isa = PBXFileReference; explicitFileType = wrapper.cfbundle; includeInIndex = 0; path = PracticePerfectMobile1Tests.xctest; sourceTree = BUILT_PRODUCTS_DIR; };
		8422F99724400903005501E1 /* PracticePerfectMobile1Tests.swift */ = {isa = PBXFileReference; lastKnownFileType = sourcecode.swift; path = PracticePerfectMobile1Tests.swift; sourceTree = "<group>"; };
		8422F99924400903005501E1 /* Info.plist */ = {isa = PBXFileReference; lastKnownFileType = text.plist.xml; path = Info.plist; sourceTree = "<group>"; };
		8422F99E24400903005501E1 /* PracticePerfectMobile1UITests.xctest */ = {isa = PBXFileReference; explicitFileType = wrapper.cfbundle; includeInIndex = 0; path = PracticePerfectMobile1UITests.xctest; sourceTree = BUILT_PRODUCTS_DIR; };
		8422F9A224400903005501E1 /* PracticePerfectMobile1UITests.swift */ = {isa = PBXFileReference; lastKnownFileType = sourcecode.swift; path = PracticePerfectMobile1UITests.swift; sourceTree = "<group>"; };
		8422F9A424400903005501E1 /* Info.plist */ = {isa = PBXFileReference; lastKnownFileType = text.plist.xml; path = Info.plist; sourceTree = "<group>"; };
/* End PBXFileReference section */

/* Begin PBXFrameworksBuildPhase section */
		8422F97724400902005501E1 /* Frameworks */ = {
			isa = PBXFrameworksBuildPhase;
			buildActionMask = 2147483647;
			files = (
			);
			runOnlyForDeploymentPostprocessing = 0;
		};
		8422F99024400903005501E1 /* Frameworks */ = {
			isa = PBXFrameworksBuildPhase;
			buildActionMask = 2147483647;
			files = (
			);
			runOnlyForDeploymentPostprocessing = 0;
		};
		8422F99B24400903005501E1 /* Frameworks */ = {
			isa = PBXFrameworksBuildPhase;
			buildActionMask = 2147483647;
			files = (
			);
			runOnlyForDeploymentPostprocessing = 0;
		};
/* End PBXFrameworksBuildPhase section */

/* Begin PBXGroup section */
		8422F97124400902005501E1 = {
			isa = PBXGroup;
			children = (
				8422F97C24400902005501E1 /* PracticePerfectMobile1 */,
				8422F99624400903005501E1 /* PracticePerfectMobile1Tests */,
				8422F9A124400903005501E1 /* PracticePerfectMobile1UITests */,
				8422F97B24400902005501E1 /* Products */,
			);
			sourceTree = "<group>";
		};
		8422F97B24400902005501E1 /* Products */ = {
			isa = PBXGroup;
			children = (
				8422F97A24400902005501E1 /* PracticePerfectMobile1.app */,
				8422F99324400903005501E1 /* PracticePerfectMobile1Tests.xctest */,
				8422F99E24400903005501E1 /* PracticePerfectMobile1UITests.xctest */,
			);
			name = Products;
			sourceTree = "<group>";
		};
		8422F97C24400902005501E1 /* PracticePerfectMobile1 */ = {
			isa = PBXGroup;
			children = (
				8422F97D24400902005501E1 /* AppDelegate.swift */,
				8422F97F24400902005501E1 /* SceneDelegate.swift */,
				8422F98424400902005501E1 /* ContentView.swift */,
				8422F98624400903005501E1 /* Assets.xcassets */,
				8422F98B24400903005501E1 /* LaunchScreen.storyboard */,
				8422F98E24400903005501E1 /* Info.plist */,
				8422F98124400902005501E1 /* PracticePerfectMobile1.xcdatamodeld */,
				8422F98824400903005501E1 /* Preview Content */,
			);
			path = PracticePerfectMobile1;
			sourceTree = "<group>";
		};
		8422F98824400903005501E1 /* Preview Content */ = {
			isa = PBXGroup;
			children = (
				8422F98924400903005501E1 /* Preview Assets.xcassets */,
			);
			path = "Preview Content";
			sourceTree = "<group>";
		};
		8422F99624400903005501E1 /* PracticePerfectMobile1Tests */ = {
			isa = PBXGroup;
			children = (
				8422F99724400903005501E1 /* PracticePerfectMobile1Tests.swift */,
				8422F99924400903005501E1 /* Info.plist */,
			);
			path = PracticePerfectMobile1Tests;
			sourceTree = "<group>";
		};
		8422F9A124400903005501E1 /* PracticePerfectMobile1UITests */ = {
			isa = PBXGroup;
			children = (
				8422F9A224400903005501E1 /* PracticePerfectMobile1UITests.swift */,
				8422F9A424400903005501E1 /* Info.plist */,
			);
			path = PracticePerfectMobile1UITests;
			sourceTree = "<group>";
		};
/* End PBXGroup section */

/* Begin PBXNativeTarget section */
		8422F97924400902005501E1 /* PracticePerfectMobile1 */ = {
			isa = PBXNativeTarget;
			buildConfigurationList = 8422F9A724400903005501E1 /* Build configuration list for PBXNativeTarget "PracticePerfectMobile1" */;
			buildPhases = (
				8422F97624400902005501E1 /* Sources */,
				8422F97724400902005501E1 /* Frameworks */,
				8422F97824400902005501E1 /* Resources */,
			);
			buildRules = (
			);
			dependencies = (
			);
			name = PracticePerfectMobile1;
			productName = PracticePerfectMobile1;
			productReference = 8422F97A24400902005501E1 /* PracticePerfectMobile1.app */;
			productType = "com.apple.product-type.application";
		};
		8422F99224400903005501E1 /* PracticePerfectMobile1Tests */ = {
			isa = PBXNativeTarget;
			buildConfigurationList = 8422F9AA24400903005501E1 /* Build configuration list for PBXNativeTarget "PracticePerfectMobile1Tests" */;
			buildPhases = (
				8422F98F24400903005501E1 /* Sources */,
				8422F99024400903005501E1 /* Frameworks */,
				8422F99124400903005501E1 /* Resources */,
			);
			buildRules = (
			);
			dependencies = (
				8422F99524400903005501E1 /* PBXTargetDependency */,
			);
			name = PracticePerfectMobile1Tests;
			productName = PracticePerfectMobile1Tests;
			productReference = 8422F99324400903005501E1 /* PracticePerfectMobile1Tests.xctest */;
			productType = "com.apple.product-type.bundle.unit-test";
		};
		8422F99D24400903005501E1 /* PracticePerfectMobile1UITests */ = {
			isa = PBXNativeTarget;
			buildConfigurationList = 8422F9AD24400903005501E1 /* Build configuration list for PBXNativeTarget "PracticePerfectMobile1UITests" */;
			buildPhases = (
				8422F99A24400903005501E1 /* Sources */,
				8422F99B24400903005501E1 /* Frameworks */,
				8422F99C24400903005501E1 /* Resources */,
			);
			buildRules = (
			);
			dependencies = (
				8422F9A024400903005501E1 /* PBXTargetDependency */,
			);
			name = PracticePerfectMobile1UITests;
			productName = PracticePerfectMobile1UITests;
			productReference = 8422F99E24400903005501E1 /* PracticePerfectMobile1UITests.xctest */;
			productType = "com.apple.product-type.bundle.ui-testing";
		};
/* End PBXNativeTarget section */

/* Begin PBXProject section */
		8422F97224400902005501E1 /* Project object */ = {
			isa = PBXProject;
			attributes = {
				LastSwiftUpdateCheck = 1140;
				LastUpgradeCheck = 1140;
				ORGANIZATIONNAME = JakeRuthMusic;
				TargetAttributes = {
					8422F97924400902005501E1 = {
						CreatedOnToolsVersion = 11.4;
					};
					8422F99224400903005501E1 = {
						CreatedOnToolsVersion = 11.4;
						TestTargetID = 8422F97924400902005501E1;
					};
					8422F99D24400903005501E1 = {
						CreatedOnToolsVersion = 11.4;
						TestTargetID = 8422F97924400902005501E1;
					};
				};
			};
			buildConfigurationList = 8422F97524400902005501E1 /* Build configuration list for PBXProject "PracticePerfectMobile1" */;
			compatibilityVersion = "Xcode 9.3";
			developmentRegion = en;
			hasScannedForEncodings = 0;
			knownRegions = (
				en,
				Base,
			);
			mainGroup = 8422F97124400902005501E1;
			productRefGroup = 8422F97B24400902005501E1 /* Products */;
			projectDirPath = "";
			projectRoot = "";
			targets = (
				8422F97924400902005501E1 /* PracticePerfectMobile1 */,
				8422F99224400903005501E1 /* PracticePerfectMobile1Tests */,
				8422F99D24400903005501E1 /* PracticePerfectMobile1UITests */,
			);
		};
/* End PBXProject section */

/* Begin PBXResourcesBuildPhase section */
		8422F97824400902005501E1 /* Resources */ = {
			isa = PBXResourcesBuildPhase;
			buildActionMask = 2147483647;
			files = (
				8422F98D24400903005501E1 /* LaunchScreen.storyboard in Resources */,
				8422F98A24400903005501E1 /* Preview Assets.xcassets in Resources */,
				8422F98724400903005501E1 /* Assets.xcassets in Resources */,
			);
			runOnlyForDeploymentPostprocessing = 0;
		};
		8422F99124400903005501E1 /* Resources */ = {
			isa = PBXResourcesBuildPhase;
			buildActionMask = 2147483647;
			files = (
			);
			runOnlyForDeploymentPostprocessing = 0;
		};
		8422F99C24400903005501E1 /* Resources */ = {
			isa = PBXResourcesBuildPhase;
			buildActionMask = 2147483647;
			files = (
			);
			runOnlyForDeploymentPostprocessing = 0;
		};
/* End PBXResourcesBuildPhase section */

/* Begin PBXSourcesBuildPhase section */
		8422F97624400902005501E1 /* Sources */ = {
			isa = PBXSourcesBuildPhase;
			buildActionMask = 2147483647;
			files = (
				8422F97E24400902005501E1 /* AppDelegate.swift in Sources */,
				8422F98024400902005501E1 /* SceneDelegate.swift in Sources */,
				8422F98524400902005501E1 /* ContentView.swift in Sources */,
				8422F98324400902005501E1 /* PracticePerfectMobile1.xcdatamodeld in Sources */,
			);
			runOnlyForDeploymentPostprocessing = 0;
		};
		8422F98F24400903005501E1 /* Sources */ = {
			isa = PBXSourcesBuildPhase;
			buildActionMask = 2147483647;
			files = (
				8422F99824400903005501E1 /* PracticePerfectMobile1Tests.swift in Sources */,
			);
			runOnlyForDeploymentPostprocessing = 0;
		};
		8422F99A24400903005501E1 /* Sources */ = {
			isa = PBXSourcesBuildPhase;
			buildActionMask = 2147483647;
			files = (
				8422F9A324400903005501E1 /* PracticePerfectMobile1UITests.swift in Sources */,
			);
			runOnlyForDeploymentPostprocessing = 0;
		};
/* End PBXSourcesBuildPhase section */

/* Begin PBXTargetDependency section */
		8422F99524400903005501E1 /* PBXTargetDependency */ = {
			isa = PBXTargetDependency;
			target = 8422F97924400902005501E1 /* PracticePerfectMobile1 */;
			targetProxy = 8422F99424400903005501E1 /* PBXContainerItemProxy */;
		};
		8422F9A024400903005501E1 /* PBXTargetDependency */ = {
			isa = PBXTargetDependency;
			target = 8422F97924400902005501E1 /* PracticePerfectMobile1 */;
			targetProxy = 8422F99F24400903005501E1 /* PBXContainerItemProxy */;
		};
/* End PBXTargetDependency section */

/* Begin PBXVariantGroup section */
		8422F98B24400903005501E1 /* LaunchScreen.storyboard */ = {
			isa = PBXVariantGroup;
			children = (
				8422F98C24400903005501E1 /* Base */,
			);
			name = LaunchScreen.storyboard;
			sourceTree = "<group>";
		};
/* End PBXVariantGroup section */

/* Begin XCBuildConfiguration section */
		8422F9A524400903005501E1 /* Debug */ = {
			isa = XCBuildConfiguration;
			buildSettings = {
				ALWAYS_SEARCH_USER_PATHS = NO;
				CLANG_ANALYZER_NONNULL = YES;
				CLANG_ANALYZER_NUMBER_OBJECT_CONVERSION = YES_AGGRESSIVE;
				CLANG_CXX_LANGUAGE_STANDARD = "gnu++14";
				CLANG_CXX_LIBRARY = "libc++";
				CLANG_ENABLE_MODULES = YES;
				CLANG_ENABLE_OBJC_ARC = YES;
				CLANG_ENABLE_OBJC_WEAK = YES;
				CLANG_WARN_BLOCK_CAPTURE_AUTORELEASING = YES;
				CLANG_WARN_BOOL_CONVERSION = YES;
				CLANG_WARN_COMMA = YES;
				CLANG_WARN_CONSTANT_CONVERSION = YES;
				CLANG_WARN_DEPRECATED_OBJC_IMPLEMENTATIONS = YES;
				CLANG_WARN_DIRECT_OBJC_ISA_USAGE = YES_ERROR;
				CLANG_WARN_DOCUMENTATION_COMMENTS = YES;
				CLANG_WARN_EMPTY_BODY = YES;
				CLANG_WARN_ENUM_CONVERSION = YES;
				CLANG_WARN_INFINITE_RECURSION = YES;
				CLANG_WARN_INT_CONVERSION = YES;
				CLANG_WARN_NON_LITERAL_NULL_CONVERSION = YES;
				CLANG_WARN_OBJC_IMPLICIT_RETAIN_SELF = YES;
				CLANG_WARN_OBJC_LITERAL_CONVERSION = YES;
				CLANG_WARN_OBJC_ROOT_CLASS = YES_ERROR;
				CLANG_WARN_RANGE_LOOP_ANALYSIS = YES;
				CLANG_WARN_STRICT_PROTOTYPES = YES;
				CLANG_WARN_SUSPICIOUS_MOVE = YES;
				CLANG_WARN_UNGUARDED_AVAILABILITY = YES_AGGRESSIVE;
				CLANG_WARN_UNREACHABLE_CODE = YES;
				CLANG_WARN__DUPLICATE_METHOD_MATCH = YES;
				COPY_PHASE_STRIP = NO;
				DEBUG_INFORMATION_FORMAT = dwarf;
				ENABLE_STRICT_OBJC_MSGSEND = YES;
				ENABLE_TESTABILITY = YES;
				GCC_C_LANGUAGE_STANDARD = gnu11;
				GCC_DYNAMIC_NO_PIC = NO;
				GCC_NO_COMMON_BLOCKS = YES;
				GCC_OPTIMIZATION_LEVEL = 0;
				GCC_PREPROCESSOR_DEFINITIONS = (
					"DEBUG=1",
					"$(inherited)",
				);
				GCC_WARN_64_TO_32_BIT_CONVERSION = YES;
				GCC_WARN_ABOUT_RETURN_TYPE = YES_ERROR;
				GCC_WARN_UNDECLARED_SELECTOR = YES;
				GCC_WARN_UNINITIALIZED_AUTOS = YES_AGGRESSIVE;
				GCC_WARN_UNUSED_FUNCTION = YES;
				GCC_WARN_UNUSED_VARIABLE = YES;
				IPHONEOS_DEPLOYMENT_TARGET = 13.4;
				MTL_ENABLE_DEBUG_INFO = INCLUDE_SOURCE;
				MTL_FAST_MATH = YES;
				ONLY_ACTIVE_ARCH = YES;
				SDKROOT = iphoneos;
				SWIFT_ACTIVE_COMPILATION_CONDITIONS = DEBUG;
				SWIFT_OPTIMIZATION_LEVEL = "-Onone";
			};
			name = Debug;
		};
		8422F9A624400903005501E1 /* Release */ = {
			isa = XCBuildConfiguration;
			buildSettings = {
				ALWAYS_SEARCH_USER_PATHS = NO;
				CLANG_ANALYZER_NONNULL = YES;
				CLANG_ANALYZER_NUMBER_OBJECT_CONVERSION = YES_AGGRESSIVE;
				CLANG_CXX_LANGUAGE_STANDARD = "gnu++14";
				CLANG_CXX_LIBRARY = "libc++";
				CLANG_ENABLE_MODULES = YES;
				CLANG_ENABLE_OBJC_ARC = YES;
				CLANG_ENABLE_OBJC_WEAK = YES;
				CLANG_WARN_BLOCK_CAPTURE_AUTORELEASING = YES;
				CLANG_WARN_BOOL_CONVERSION = YES;
				CLANG_WARN_COMMA = YES;
				CLANG_WARN_CONSTANT_CONVERSION = YES;
				CLANG_WARN_DEPRECATED_OBJC_IMPLEMENTATIONS = YES;
				CLANG_WARN_DIRECT_OBJC_ISA_USAGE = YES_ERROR;
				CLANG_WARN_DOCUMENTATION_COMMENTS = YES;
				CLANG_WARN_EMPTY_BODY = YES;
				CLANG_WARN_ENUM_CONVERSION = YES;
				CLANG_WARN_INFINITE_RECURSION = YES;
				CLANG_WARN_INT_CONVERSION = YES;
				CLANG_WARN_NON_LITERAL_NULL_CONVERSION = YES;
				CLANG_WARN_OBJC_IMPLICIT_RETAIN_SELF = YES;
				CLANG_WARN_OBJC_LITERAL_CONVERSION = YES;
				CLANG_WARN_OBJC_ROOT_CLASS = YES_ERROR;
				CLANG_WARN_RANGE_LOOP_ANALYSIS = YES;
				CLANG_WARN_STRICT_PROTOTYPES = YES;
				CLANG_WARN_SUSPICIOUS_MOVE = YES;
				CLANG_WARN_UNGUARDED_AVAILABILITY = YES_AGGRESSIVE;
				CLANG_WARN_UNREACHABLE_CODE = YES;
				CLANG_WARN__DUPLICATE_METHOD_MATCH = YES;
				COPY_PHASE_STRIP = NO;
				DEBUG_INFORMATION_FORMAT = "dwarf-with-dsym";
				ENABLE_NS_ASSERTIONS = NO;
				ENABLE_STRICT_OBJC_MSGSEND = YES;
				GCC_C_LANGUAGE_STANDARD = gnu11;
				GCC_NO_COMMON_BLOCKS = YES;
				GCC_WARN_64_TO_32_BIT_CONVERSION = YES;
				GCC_WARN_ABOUT_RETURN_TYPE = YES_ERROR;
				GCC_WARN_UNDECLARED_SELECTOR = YES;
				GCC_WARN_UNINITIALIZED_AUTOS = YES_AGGRESSIVE;
				GCC_WARN_UNUSED_FUNCTION = YES;
				GCC_WARN_UNUSED_VARIABLE = YES;
				IPHONEOS_DEPLOYMENT_TARGET = 13.4;
				MTL_ENABLE_DEBUG_INFO = NO;
				MTL_FAST_MATH = YES;
				SDKROOT = iphoneos;
				SWIFT_COMPILATION_MODE = wholemodule;
				SWIFT_OPTIMIZATION_LEVEL = "-O";
				VALIDATE_PRODUCT = YES;
			};
			name = Release;
		};
		8422F9A824400903005501E1 /* Debug */ = {
			isa = XCBuildConfiguration;
			buildSettings = {
				ASSETCATALOG_COMPILER_APPICON_NAME = AppIcon;
				CODE_SIGN_STYLE = Automatic;
				DEVELOPMENT_ASSET_PATHS = "\"PracticePerfectMobile1/Preview Content\"";
				DEVELOPMENT_TEAM = XGH66HW2PT;
				ENABLE_PREVIEWS = YES;
				INFOPLIST_FILE = PracticePerfectMobile1/Info.plist;
				LD_RUNPATH_SEARCH_PATHS = (
					"$(inherited)",
					"@executable_path/Frameworks",
				);
				PRODUCT_BUNDLE_IDENTIFIER = com.jakeruthmusic.PracticePerfectMobile1;
				PRODUCT_NAME = "$(TARGET_NAME)";
				SWIFT_VERSION = 5.0;
				TARGETED_DEVICE_FAMILY = "1,2";
			};
			name = Debug;
		};
		8422F9A924400903005501E1 /* Release */ = {
			isa = XCBuildConfiguration;
			buildSettings = {
				ASSETCATALOG_COMPILER_APPICON_NAME = AppIcon;
				CODE_SIGN_STYLE = Automatic;
				DEVELOPMENT_ASSET_PATHS = "\"PracticePerfectMobile1/Preview Content\"";
				DEVELOPMENT_TEAM = XGH66HW2PT;
				ENABLE_PREVIEWS = YES;
				INFOPLIST_FILE = PracticePerfectMobile1/Info.plist;
				LD_RUNPATH_SEARCH_PATHS = (
					"$(inherited)",
					"@executable_path/Frameworks",
				);
				PRODUCT_BUNDLE_IDENTIFIER = com.jakeruthmusic.PracticePerfectMobile1;
				PRODUCT_NAME = "$(TARGET_NAME)";
				SWIFT_VERSION = 5.0;
				TARGETED_DEVICE_FAMILY = "1,2";
			};
			name = Release;
		};
		8422F9AB24400903005501E1 /* Debug */ = {
			isa = XCBuildConfiguration;
			buildSettings = {
				ALWAYS_EMBED_SWIFT_STANDARD_LIBRARIES = YES;
				BUNDLE_LOADER = "$(TEST_HOST)";
				CODE_SIGN_STYLE = Automatic;
				DEVELOPMENT_TEAM = XGH66HW2PT;
				INFOPLIST_FILE = PracticePerfectMobile1Tests/Info.plist;
				IPHONEOS_DEPLOYMENT_TARGET = 13.4;
				LD_RUNPATH_SEARCH_PATHS = (
					"$(inherited)",
					"@executable_path/Frameworks",
					"@loader_path/Frameworks",
				);
				PRODUCT_BUNDLE_IDENTIFIER = com.jakeruthmusic.PracticePerfectMobile1Tests;
				PRODUCT_NAME = "$(TARGET_NAME)";
				SWIFT_VERSION = 5.0;
				TARGETED_DEVICE_FAMILY = "1,2";
				TEST_HOST = "$(BUILT_PRODUCTS_DIR)/PracticePerfectMobile1.app/PracticePerfectMobile1";
			};
			name = Debug;
		};
		8422F9AC24400903005501E1 /* Release */ = {
			isa = XCBuildConfiguration;
			buildSettings = {
				ALWAYS_EMBED_SWIFT_STANDARD_LIBRARIES = YES;
				BUNDLE_LOADER = "$(TEST_HOST)";
				CODE_SIGN_STYLE = Automatic;
				DEVELOPMENT_TEAM = XGH66HW2PT;
				INFOPLIST_FILE = PracticePerfectMobile1Tests/Info.plist;
				IPHONEOS_DEPLOYMENT_TARGET = 13.4;
				LD_RUNPATH_SEARCH_PATHS = (
					"$(inherited)",
					"@executable_path/Frameworks",
					"@loader_path/Frameworks",
				);
				PRODUCT_BUNDLE_IDENTIFIER = com.jakeruthmusic.PracticePerfectMobile1Tests;
				PRODUCT_NAME = "$(TARGET_NAME)";
				SWIFT_VERSION = 5.0;
				TARGETED_DEVICE_FAMILY = "1,2";
				TEST_HOST = "$(BUILT_PRODUCTS_DIR)/PracticePerfectMobile1.app/PracticePerfectMobile1";
			};
			name = Release;
		};
		8422F9AE24400903005501E1 /* Debug */ = {
			isa = XCBuildConfiguration;
			buildSettings = {
				ALWAYS_EMBED_SWIFT_STANDARD_LIBRARIES = YES;
				CODE_SIGN_STYLE = Automatic;
				DEVELOPMENT_TEAM = XGH66HW2PT;
				INFOPLIST_FILE = PracticePerfectMobile1UITests/Info.plist;
				LD_RUNPATH_SEARCH_PATHS = (
					"$(inherited)",
					"@executable_path/Frameworks",
					"@loader_path/Frameworks",
				);
				PRODUCT_BUNDLE_IDENTIFIER = com.jakeruthmusic.PracticePerfectMobile1UITests;
				PRODUCT_NAME = "$(TARGET_NAME)";
				SWIFT_VERSION = 5.0;
				TARGETED_DEVICE_FAMILY = "1,2";
				TEST_TARGET_NAME = PracticePerfectMobile1;
			};
			name = Debug;
		};
		8422F9AF24400903005501E1 /* Release */ = {
			isa = XCBuildConfiguration;
			buildSettings = {
				ALWAYS_EMBED_SWIFT_STANDARD_LIBRARIES = YES;
				CODE_SIGN_STYLE = Automatic;
				DEVELOPMENT_TEAM = XGH66HW2PT;
				INFOPLIST_FILE = PracticePerfectMobile1UITests/Info.plist;
				LD_RUNPATH_SEARCH_PATHS = (
					"$(inherited)",
					"@executable_path/Frameworks",
					"@loader_path/Frameworks",
				);
				PRODUCT_BUNDLE_IDENTIFIER = com.jakeruthmusic.PracticePerfectMobile1UITests;
				PRODUCT_NAME = "$(TARGET_NAME)";
				SWIFT_VERSION = 5.0;
				TARGETED_DEVICE_FAMILY = "1,2";
				TEST_TARGET_NAME = PracticePerfectMobile1;
			};
			name = Release;
		};
/* End XCBuildConfiguration section */

/* Begin XCConfigurationList section */
		8422F97524400902005501E1 /* Build configuration list for PBXProject "PracticePerfectMobile1" */ = {
			isa = XCConfigurationList;
			buildConfigurations = (
				8422F9A524400903005501E1 /* Debug */,
				8422F9A624400903005501E1 /* Release */,
			);
			defaultConfigurationIsVisible = 0;
			defaultConfigurationName = Release;
		};
		8422F9A724400903005501E1 /* Build configuration list for PBXNativeTarget "PracticePerfectMobile1" */ = {
			isa = XCConfigurationList;
			buildConfigurations = (
				8422F9A824400903005501E1 /* Debug */,
				8422F9A924400903005501E1 /* Release */,
			);
			defaultConfigurationIsVisible = 0;
			defaultConfigurationName = Release;
		};
		8422F9AA24400903005501E1 /* Build configuration list for PBXNativeTarget "PracticePerfectMobile1Tests" */ = {
			isa = XCConfigurationList;
			buildConfigurations = (
				8422F9AB24400903005501E1 /* Debug */,
				8422F9AC24400903005501E1 /* Release */,
			);
			defaultConfigurationIsVisible = 0;
			defaultConfigurationName = Release;
		};
		8422F9AD24400903005501E1 /* Build configuration list for PBXNativeTarget "PracticePerfectMobile1UITests" */ = {
			isa = XCConfigurationList;
			buildConfigurations = (
				8422F9AE24400903005501E1 /* Debug */,
				8422F9AF24400903005501E1 /* Release */,
			);
			defaultConfigurationIsVisible = 0;
			defaultConfigurationName = Release;
		};
/* End XCConfigurationList section */

/* Begin XCVersionGroup section */
		8422F98124400902005501E1 /* PracticePerfectMobile1.xcdatamodeld */ = {
			isa = XCVersionGroup;
			children = (
				8422F98224400902005501E1 /* PracticePerfectMobile1.xcdatamodel */,
			);
			currentVersion = 8422F98224400902005501E1 /* PracticePerfectMobile1.xcdatamodel */;
			path = PracticePerfectMobile1.xcdatamodeld;
			sourceTree = "<group>";
			versionGroupType = wrapper.xcdatamodel;
		};
/* End XCVersionGroup section */
	};
	rootObject = 8422F97224400902005501E1 /* Project object */;
}
